// !$*UTF8*$!
{
	archiveVersion = 1;
	classes = {
	};
	objectVersion = 56;
	objects = {

/* Begin PBXBuildFile section */
		1B336BD2340E420139804748 /* Pods_RIBsTest.framework in Frameworks */ = {isa = PBXBuildFile; fileRef = 1F602DA10ABB3A62110BA475 /* Pods_RIBsTest.framework */; };
		1B5EAF15290EBCCF000795A4 /* AppRootRouter.swift in Sources */ = {isa = PBXBuildFile; fileRef = 1B5EAF12290EBCCF000795A4 /* AppRootRouter.swift */; };
		1B5EAF16290EBCCF000795A4 /* AppRootBuilder.swift in Sources */ = {isa = PBXBuildFile; fileRef = 1B5EAF13290EBCCF000795A4 /* AppRootBuilder.swift */; };
		1B5EAF17290EBCCF000795A4 /* AppRootInteractor.swift in Sources */ = {isa = PBXBuildFile; fileRef = 1B5EAF14290EBCCF000795A4 /* AppRootInteractor.swift */; };
		1B5EAF19290EBCD8000795A4 /* AppComponent.swift in Sources */ = {isa = PBXBuildFile; fileRef = 1B5EAF18290EBCD8000795A4 /* AppComponent.swift */; };
		1B5EAF1E290EBCE5000795A4 /* MainRouter.swift in Sources */ = {isa = PBXBuildFile; fileRef = 1B5EAF1A290EBCE5000795A4 /* MainRouter.swift */; };
		1B5EAF1F290EBCE5000795A4 /* MainViewController.swift in Sources */ = {isa = PBXBuildFile; fileRef = 1B5EAF1B290EBCE5000795A4 /* MainViewController.swift */; };
		1B5EAF20290EBCE5000795A4 /* MainBuilder.swift in Sources */ = {isa = PBXBuildFile; fileRef = 1B5EAF1C290EBCE5000795A4 /* MainBuilder.swift */; };
		1B5EAF21290EBCE5000795A4 /* MainInteractor.swift in Sources */ = {isa = PBXBuildFile; fileRef = 1B5EAF1D290EBCE5000795A4 /* MainInteractor.swift */; };
		1B5EAF23290EBD4F000795A4 /* RootNavigationController.swift in Sources */ = {isa = PBXBuildFile; fileRef = 1B5EAF22290EBD4F000795A4 /* RootNavigationController.swift */; };
		1B7C11F7290EB89E00A7DB4B /* AppDelegate.swift in Sources */ = {isa = PBXBuildFile; fileRef = 1B7C11F6290EB89E00A7DB4B /* AppDelegate.swift */; };
		1B7C11FB290EB89E00A7DB4B /* ViewController.swift in Sources */ = {isa = PBXBuildFile; fileRef = 1B7C11FA290EB89E00A7DB4B /* ViewController.swift */; };
		1B7C11FE290EB89E00A7DB4B /* Main.storyboard in Resources */ = {isa = PBXBuildFile; fileRef = 1B7C11FC290EB89E00A7DB4B /* Main.storyboard */; };
		1B7C1200290EB89F00A7DB4B /* Assets.xcassets in Resources */ = {isa = PBXBuildFile; fileRef = 1B7C11FF290EB89F00A7DB4B /* Assets.xcassets */; };
		1B7C1203290EB89F00A7DB4B /* LaunchScreen.storyboard in Resources */ = {isa = PBXBuildFile; fileRef = 1B7C1201290EB89F00A7DB4B /* LaunchScreen.storyboard */; };
/* End PBXBuildFile section */

/* Begin PBXFileReference section */
		140049774AAF095B5934F530 /* Pods-RIBsTest.release.xcconfig */ = {isa = PBXFileReference; includeInIndex = 1; lastKnownFileType = text.xcconfig; name = "Pods-RIBsTest.release.xcconfig"; path = "Target Support Files/Pods-RIBsTest/Pods-RIBsTest.release.xcconfig"; sourceTree = "<group>"; };
		1B5EAF12290EBCCF000795A4 /* AppRootRouter.swift */ = {isa = PBXFileReference; lastKnownFileType = sourcecode.swift; path = AppRootRouter.swift; sourceTree = "<group>"; };
		1B5EAF13290EBCCF000795A4 /* AppRootBuilder.swift */ = {isa = PBXFileReference; lastKnownFileType = sourcecode.swift; path = AppRootBuilder.swift; sourceTree = "<group>"; };
		1B5EAF14290EBCCF000795A4 /* AppRootInteractor.swift */ = {isa = PBXFileReference; lastKnownFileType = sourcecode.swift; path = AppRootInteractor.swift; sourceTree = "<group>"; };
		1B5EAF18290EBCD8000795A4 /* AppComponent.swift */ = {isa = PBXFileReference; lastKnownFileType = sourcecode.swift; path = AppComponent.swift; sourceTree = "<group>"; };
		1B5EAF1A290EBCE5000795A4 /* MainRouter.swift */ = {isa = PBXFileReference; lastKnownFileType = sourcecode.swift; path = MainRouter.swift; sourceTree = "<group>"; };
		1B5EAF1B290EBCE5000795A4 /* MainViewController.swift */ = {isa = PBXFileReference; lastKnownFileType = sourcecode.swift; path = MainViewController.swift; sourceTree = "<group>"; };
		1B5EAF1C290EBCE5000795A4 /* MainBuilder.swift */ = {isa = PBXFileReference; lastKnownFileType = sourcecode.swift; path = MainBuilder.swift; sourceTree = "<group>"; };
		1B5EAF1D290EBCE5000795A4 /* MainInteractor.swift */ = {isa = PBXFileReference; lastKnownFileType = sourcecode.swift; path = MainInteractor.swift; sourceTree = "<group>"; };
		1B5EAF22290EBD4F000795A4 /* RootNavigationController.swift */ = {isa = PBXFileReference; lastKnownFileType = sourcecode.swift; path = RootNavigationController.swift; sourceTree = "<group>"; };
		1B7C11F3290EB89E00A7DB4B /* RIBsTest.app */ = {isa = PBXFileReference; explicitFileType = wrapper.application; includeInIndex = 0; path = RIBsTest.app; sourceTree = BUILT_PRODUCTS_DIR; };
		1B7C11F6290EB89E00A7DB4B /* AppDelegate.swift */ = {isa = PBXFileReference; lastKnownFileType = sourcecode.swift; path = AppDelegate.swift; sourceTree = "<group>"; };
		1B7C11FA290EB89E00A7DB4B /* ViewController.swift */ = {isa = PBXFileReference; lastKnownFileType = sourcecode.swift; path = ViewController.swift; sourceTree = "<group>"; };
		1B7C11FD290EB89E00A7DB4B /* Base */ = {isa = PBXFileReference; lastKnownFileType = file.storyboard; name = Base; path = Base.lproj/Main.storyboard; sourceTree = "<group>"; };
		1B7C11FF290EB89F00A7DB4B /* Assets.xcassets */ = {isa = PBXFileReference; lastKnownFileType = folder.assetcatalog; path = Assets.xcassets; sourceTree = "<group>"; };
		1B7C1202290EB89F00A7DB4B /* Base */ = {isa = PBXFileReference; lastKnownFileType = file.storyboard; name = Base; path = Base.lproj/LaunchScreen.storyboard; sourceTree = "<group>"; };
		1B7C1204290EB89F00A7DB4B /* Info.plist */ = {isa = PBXFileReference; lastKnownFileType = text.plist.xml; path = Info.plist; sourceTree = "<group>"; };
		1F602DA10ABB3A62110BA475 /* Pods_RIBsTest.framework */ = {isa = PBXFileReference; explicitFileType = wrapper.framework; includeInIndex = 0; path = Pods_RIBsTest.framework; sourceTree = BUILT_PRODUCTS_DIR; };
		4BCFD2A28C36E9ACD7639D2D /* Pods-RIBsTest.debug.xcconfig */ = {isa = PBXFileReference; includeInIndex = 1; lastKnownFileType = text.xcconfig; name = "Pods-RIBsTest.debug.xcconfig"; path = "Target Support Files/Pods-RIBsTest/Pods-RIBsTest.debug.xcconfig"; sourceTree = "<group>"; };
/* End PBXFileReference section */

/* Begin PBXFrameworksBuildPhase section */
		1B7C11F0290EB89E00A7DB4B /* Frameworks */ = {
			isa = PBXFrameworksBuildPhase;
			buildActionMask = 2147483647;
			files = (
				1B336BD2340E420139804748 /* Pods_RIBsTest.framework in Frameworks */,
			);
			runOnlyForDeploymentPostprocessing = 0;
		};
/* End PBXFrameworksBuildPhase section */

/* Begin PBXGroup section */
		1B5EAF10290EBC9C000795A4 /* AppRoot */ = {
			isa = PBXGroup;
			children = (
				1B5EAF12290EBCCF000795A4 /* AppRootRouter.swift */,
				1B5EAF13290EBCCF000795A4 /* AppRootBuilder.swift */,
				1B5EAF14290EBCCF000795A4 /* AppRootInteractor.swift */,
				1B5EAF22290EBD4F000795A4 /* RootNavigationController.swift */,
			);
			path = AppRoot;
			sourceTree = "<group>";
		};
		1B5EAF11290EBCB2000795A4 /* Main */ = {
			isa = PBXGroup;
			children = (
				1B5EAF1A290EBCE5000795A4 /* MainRouter.swift */,
				1B5EAF1B290EBCE5000795A4 /* MainViewController.swift */,
				1B5EAF1C290EBCE5000795A4 /* MainBuilder.swift */,
				1B5EAF1D290EBCE5000795A4 /* MainInteractor.swift */,
			);
			path = Main;
			sourceTree = "<group>";
		};
		1B7C11EA290EB89D00A7DB4B = {
			isa = PBXGroup;
			children = (
				1B7C11F5290EB89E00A7DB4B /* RIBsTest */,
				1B7C11F4290EB89E00A7DB4B /* Products */,
				D5803756F9CC2A9E47B9D0ED /* Pods */,
				9506F8E8F6F16A38C425848B /* Frameworks */,
			);
			sourceTree = "<group>";
		};
		1B7C11F4290EB89E00A7DB4B /* Products */ = {
			isa = PBXGroup;
			children = (
				1B7C11F3290EB89E00A7DB4B /* RIBsTest.app */,
			);
			name = Products;
			sourceTree = "<group>";
		};
		1B7C11F5290EB89E00A7DB4B /* RIBsTest */ = {
			isa = PBXGroup;
			children = (
				1B7C11F6290EB89E00A7DB4B /* AppDelegate.swift */,
				1B5EAF18290EBCD8000795A4 /* AppComponent.swift */,
				1B5EAF10290EBC9C000795A4 /* AppRoot */,
				1B5EAF11290EBCB2000795A4 /* Main */,
				1B7C11FA290EB89E00A7DB4B /* ViewController.swift */,
				1B7C11FC290EB89E00A7DB4B /* Main.storyboard */,
				1B7C11FF290EB89F00A7DB4B /* Assets.xcassets */,
				1B7C1201290EB89F00A7DB4B /* LaunchScreen.storyboard */,
				1B7C1204290EB89F00A7DB4B /* Info.plist */,
			);
			path = RIBsTest;
			sourceTree = "<group>";
		};
		9506F8E8F6F16A38C425848B /* Frameworks */ = {
			isa = PBXGroup;
			children = (
				1F602DA10ABB3A62110BA475 /* Pods_RIBsTest.framework */,
			);
			name = Frameworks;
			sourceTree = "<group>";
		};
		D5803756F9CC2A9E47B9D0ED /* Pods */ = {
			isa = PBXGroup;
			children = (
				4BCFD2A28C36E9ACD7639D2D /* Pods-RIBsTest.debug.xcconfig */,
				140049774AAF095B5934F530 /* Pods-RIBsTest.release.xcconfig */,
			);
			path = Pods;
			sourceTree = "<group>";
		};
/* End PBXGroup section */

/* Begin PBXNativeTarget section */
		1B7C11F2290EB89E00A7DB4B /* RIBsTest */ = {
			isa = PBXNativeTarget;
			buildConfigurationList = 1B7C1207290EB89F00A7DB4B /* Build configuration list for PBXNativeTarget "RIBsTest" */;
			buildPhases = (
				E1C9EB2725004E2FA6E215A6 /* [CP] Check Pods Manifest.lock */,
				1B7C11EF290EB89E00A7DB4B /* Sources */,
				1B7C11F0290EB89E00A7DB4B /* Frameworks */,
				1B7C11F1290EB89E00A7DB4B /* Resources */,
				7A8ED6D0FFBBDA0666CC359B /* [CP] Embed Pods Frameworks */,
			);
			buildRules = (
			);
			dependencies = (
			);
			name = RIBsTest;
			productName = RIBsTest;
			productReference = 1B7C11F3290EB89E00A7DB4B /* RIBsTest.app */;
			productType = "com.apple.product-type.application";
		};
/* End PBXNativeTarget section */

/* Begin PBXProject section */
		1B7C11EB290EB89D00A7DB4B /* Project object */ = {
			isa = PBXProject;
			attributes = {
				BuildIndependentTargetsInParallel = 1;
				LastSwiftUpdateCheck = 1400;
				LastUpgradeCheck = 1400;
				TargetAttributes = {
					1B7C11F2290EB89E00A7DB4B = {
						CreatedOnToolsVersion = 14.0.1;
					};
				};
			};
			buildConfigurationList = 1B7C11EE290EB89D00A7DB4B /* Build configuration list for PBXProject "RIBsTest" */;
			compatibilityVersion = "Xcode 14.0";
			developmentRegion = en;
			hasScannedForEncodings = 0;
			knownRegions = (
				en,
				Base,
			);
			mainGroup = 1B7C11EA290EB89D00A7DB4B;
			productRefGroup = 1B7C11F4290EB89E00A7DB4B /* Products */;
			projectDirPath = "";
			projectRoot = "";
			targets = (
				1B7C11F2290EB89E00A7DB4B /* RIBsTest */,
			);
		};
/* End PBXProject section */

/* Begin PBXResourcesBuildPhase section */
		1B7C11F1290EB89E00A7DB4B /* Resources */ = {
			isa = PBXResourcesBuildPhase;
			buildActionMask = 2147483647;
			files = (
				1B7C1203290EB89F00A7DB4B /* LaunchScreen.storyboard in Resources */,
				1B7C1200290EB89F00A7DB4B /* Assets.xcassets in Resources */,
				1B7C11FE290EB89E00A7DB4B /* Main.storyboard in Resources */,
			);
			runOnlyForDeploymentPostprocessing = 0;
		};
/* End PBXResourcesBuildPhase section */

/* Begin PBXShellScriptBuildPhase section */
		7A8ED6D0FFBBDA0666CC359B /* [CP] Embed Pods Frameworks */ = {
			isa = PBXShellScriptBuildPhase;
			buildActionMask = 2147483647;
			files = (
			);
			inputFileListPaths = (
				"${PODS_ROOT}/Target Support Files/Pods-RIBsTest/Pods-RIBsTest-frameworks-${CONFIGURATION}-input-files.xcfilelist",
			);
			name = "[CP] Embed Pods Frameworks";
			outputFileListPaths = (
				"${PODS_ROOT}/Target Support Files/Pods-RIBsTest/Pods-RIBsTest-frameworks-${CONFIGURATION}-output-files.xcfilelist",
			);
			runOnlyForDeploymentPostprocessing = 0;
			shellPath = /bin/sh;
			shellScript = "\"${PODS_ROOT}/Target Support Files/Pods-RIBsTest/Pods-RIBsTest-frameworks.sh\"\n";
			showEnvVarsInLog = 0;
		};
		E1C9EB2725004E2FA6E215A6 /* [CP] Check Pods Manifest.lock */ = {
			isa = PBXShellScriptBuildPhase;
			buildActionMask = 2147483647;
			files = (
			);
			inputFileListPaths = (
			);
			inputPaths = (
				"${PODS_PODFILE_DIR_PATH}/Podfile.lock",
				"${PODS_ROOT}/Manifest.lock",
			);
			name = "[CP] Check Pods Manifest.lock";
			outputFileListPaths = (
			);
			outputPaths = (
				"$(DERIVED_FILE_DIR)/Pods-RIBsTest-checkManifestLockResult.txt",
			);
			runOnlyForDeploymentPostprocessing = 0;
			shellPath = /bin/sh;
			shellScript = "diff \"${PODS_PODFILE_DIR_PATH}/Podfile.lock\" \"${PODS_ROOT}/Manifest.lock\" > /dev/null\nif [ $? != 0 ] ; then\n    # print error to STDERR\n    echo \"error: The sandbox is not in sync with the Podfile.lock. Run 'pod install' or update your CocoaPods installation.\" >&2\n    exit 1\nfi\n# This output is used by Xcode 'outputs' to avoid re-running this script phase.\necho \"SUCCESS\" > \"${SCRIPT_OUTPUT_FILE_0}\"\n";
			showEnvVarsInLog = 0;
		};
/* End PBXShellScriptBuildPhase section */

/* Begin PBXSourcesBuildPhase section */
		1B7C11EF290EB89E00A7DB4B /* Sources */ = {
			isa = PBXSourcesBuildPhase;
			buildActionMask = 2147483647;
			files = (
				1B7C11FB290EB89E00A7DB4B /* ViewController.swift in Sources */,
				1B5EAF1E290EBCE5000795A4 /* MainRouter.swift in Sources */,
				1B7C11F7290EB89E00A7DB4B /* AppDelegate.swift in Sources */,
				1B5EAF23290EBD4F000795A4 /* RootNavigationController.swift in Sources */,
				1B5EAF21290EBCE5000795A4 /* MainInteractor.swift in Sources */,
				1B5EAF15290EBCCF000795A4 /* AppRootRouter.swift in Sources */,
				1B5EAF16290EBCCF000795A4 /* AppRootBuilder.swift in Sources */,
				1B5EAF20290EBCE5000795A4 /* MainBuilder.swift in Sources */,
				1B5EAF17290EBCCF000795A4 /* AppRootInteractor.swift in Sources */,
				1B5EAF19290EBCD8000795A4 /* AppComponent.swift in Sources */,
				1B5EAF1F290EBCE5000795A4 /* MainViewController.swift in Sources */,
			);
			runOnlyForDeploymentPostprocessing = 0;
		};
/* End PBXSourcesBuildPhase section */

/* Begin PBXVariantGroup section */
		1B7C11FC290EB89E00A7DB4B /* Main.storyboard */ = {
			isa = PBXVariantGroup;
			children = (
				1B7C11FD290EB89E00A7DB4B /* Base */,
			);
			name = Main.storyboard;
			sourceTree = "<group>";
		};
		1B7C1201290EB89F00A7DB4B /* LaunchScreen.storyboard */ = {
			isa = PBXVariantGroup;
			children = (
				1B7C1202290EB89F00A7DB4B /* Base */,
			);
			name = LaunchScreen.storyboard;
			sourceTree = "<group>";
		};
/* End PBXVariantGroup section */

/* Begin XCBuildConfiguration section */
		1B7C1205290EB89F00A7DB4B /* Debug */ = {
			isa = XCBuildConfiguration;
			buildSettings = {
				ALWAYS_SEARCH_USER_PATHS = NO;
				CLANG_ANALYZER_NONNULL = YES;
				CLANG_ANALYZER_NUMBER_OBJECT_CONVERSION = YES_AGGRESSIVE;
				CLANG_CXX_LANGUAGE_STANDARD = "gnu++20";
				CLANG_ENABLE_MODULES = YES;
				CLANG_ENABLE_OBJC_ARC = YES;
				CLANG_ENABLE_OBJC_WEAK = YES;
				CLANG_WARN_BLOCK_CAPTURE_AUTORELEASING = YES;
				CLANG_WARN_BOOL_CONVERSION = YES;
				CLANG_WARN_COMMA = YES;
				CLANG_WARN_CONSTANT_CONVERSION = YES;
				CLANG_WARN_DEPRECATED_OBJC_IMPLEMENTATIONS = YES;
				CLANG_WARN_DIRECT_OBJC_ISA_USAGE = YES_ERROR;
				CLANG_WARN_DOCUMENTATION_COMMENTS = YES;
				CLANG_WARN_EMPTY_BODY = YES;
				CLANG_WARN_ENUM_CONVERSION = YES;
				CLANG_WARN_INFINITE_RECURSION = YES;
				CLANG_WARN_INT_CONVERSION = YES;
				CLANG_WARN_NON_LITERAL_NULL_CONVERSION = YES;
				CLANG_WARN_OBJC_IMPLICIT_RETAIN_SELF = YES;
				CLANG_WARN_OBJC_LITERAL_CONVERSION = YES;
				CLANG_WARN_OBJC_ROOT_CLASS = YES_ERROR;
				CLANG_WARN_QUOTED_INCLUDE_IN_FRAMEWORK_HEADER = YES;
				CLANG_WARN_RANGE_LOOP_ANALYSIS = YES;
				CLANG_WARN_STRICT_PROTOTYPES = YES;
				CLANG_WARN_SUSPICIOUS_MOVE = YES;
				CLANG_WARN_UNGUARDED_AVAILABILITY = YES_AGGRESSIVE;
				CLANG_WARN_UNREACHABLE_CODE = YES;
				CLANG_WARN__DUPLICATE_METHOD_MATCH = YES;
				COPY_PHASE_STRIP = NO;
				DEBUG_INFORMATION_FORMAT = dwarf;
				ENABLE_STRICT_OBJC_MSGSEND = YES;
				ENABLE_TESTABILITY = YES;
				GCC_C_LANGUAGE_STANDARD = gnu11;
				GCC_DYNAMIC_NO_PIC = NO;
				GCC_NO_COMMON_BLOCKS = YES;
				GCC_OPTIMIZATION_LEVEL = 0;
				GCC_PREPROCESSOR_DEFINITIONS = (
					"DEBUG=1",
					"$(inherited)",
				);
				GCC_WARN_64_TO_32_BIT_CONVERSION = YES;
				GCC_WARN_ABOUT_RETURN_TYPE = YES_ERROR;
				GCC_WARN_UNDECLARED_SELECTOR = YES;
				GCC_WARN_UNINITIALIZED_AUTOS = YES_AGGRESSIVE;
				GCC_WARN_UNUSED_FUNCTION = YES;
				GCC_WARN_UNUSED_VARIABLE = YES;
				IPHONEOS_DEPLOYMENT_TARGET = 16.0;
				MTL_ENABLE_DEBUG_INFO = INCLUDE_SOURCE;
				MTL_FAST_MATH = YES;
				ONLY_ACTIVE_ARCH = YES;
				SDKROOT = iphoneos;
				SWIFT_ACTIVE_COMPILATION_CONDITIONS = DEBUG;
				SWIFT_OPTIMIZATION_LEVEL = "-Onone";
			};
			name = Debug;
		};
		1B7C1206290EB89F00A7DB4B /* Release */ = {
			isa = XCBuildConfiguration;
			buildSettings = {
				ALWAYS_SEARCH_USER_PATHS = NO;
				CLANG_ANALYZER_NONNULL = YES;
				CLANG_ANALYZER_NUMBER_OBJECT_CONVERSION = YES_AGGRESSIVE;
				CLANG_CXX_LANGUAGE_STANDARD = "gnu++20";
				CLANG_ENABLE_MODULES = YES;
				CLANG_ENABLE_OBJC_ARC = YES;
				CLANG_ENABLE_OBJC_WEAK = YES;
				CLANG_WARN_BLOCK_CAPTURE_AUTORELEASING = YES;
				CLANG_WARN_BOOL_CONVERSION = YES;
				CLANG_WARN_COMMA = YES;
				CLANG_WARN_CONSTANT_CONVERSION = YES;
				CLANG_WARN_DEPRECATED_OBJC_IMPLEMENTATIONS = YES;
				CLANG_WARN_DIRECT_OBJC_ISA_USAGE = YES_ERROR;
				CLANG_WARN_DOCUMENTATION_COMMENTS = YES;
				CLANG_WARN_EMPTY_BODY = YES;
				CLANG_WARN_ENUM_CONVERSION = YES;
				CLANG_WARN_INFINITE_RECURSION = YES;
				CLANG_WARN_INT_CONVERSION = YES;
				CLANG_WARN_NON_LITERAL_NULL_CONVERSION = YES;
				CLANG_WARN_OBJC_IMPLICIT_RETAIN_SELF = YES;
				CLANG_WARN_OBJC_LITERAL_CONVERSION = YES;
				CLANG_WARN_OBJC_ROOT_CLASS = YES_ERROR;
				CLANG_WARN_QUOTED_INCLUDE_IN_FRAMEWORK_HEADER = YES;
				CLANG_WARN_RANGE_LOOP_ANALYSIS = YES;
				CLANG_WARN_STRICT_PROTOTYPES = YES;
				CLANG_WARN_SUSPICIOUS_MOVE = YES;
				CLANG_WARN_UNGUARDED_AVAILABILITY = YES_AGGRESSIVE;
				CLANG_WARN_UNREACHABLE_CODE = YES;
				CLANG_WARN__DUPLICATE_METHOD_MATCH = YES;
				COPY_PHASE_STRIP = NO;
				DEBUG_INFORMATION_FORMAT = "dwarf-with-dsym";
				ENABLE_NS_ASSERTIONS = NO;
				ENABLE_STRICT_OBJC_MSGSEND = YES;
				GCC_C_LANGUAGE_STANDARD = gnu11;
				GCC_NO_COMMON_BLOCKS = YES;
				GCC_WARN_64_TO_32_BIT_CONVERSION = YES;
				GCC_WARN_ABOUT_RETURN_TYPE = YES_ERROR;
				GCC_WARN_UNDECLARED_SELECTOR = YES;
				GCC_WARN_UNINITIALIZED_AUTOS = YES_AGGRESSIVE;
				GCC_WARN_UNUSED_FUNCTION = YES;
				GCC_WARN_UNUSED_VARIABLE = YES;
				IPHONEOS_DEPLOYMENT_TARGET = 16.0;
				MTL_ENABLE_DEBUG_INFO = NO;
				MTL_FAST_MATH = YES;
				SDKROOT = iphoneos;
				SWIFT_COMPILATION_MODE = wholemodule;
				SWIFT_OPTIMIZATION_LEVEL = "-O";
				VALIDATE_PRODUCT = YES;
			};
			name = Release;
		};
		1B7C1208290EB89F00A7DB4B /* Debug */ = {
			isa = XCBuildConfiguration;
			baseConfigurationReference = 4BCFD2A28C36E9ACD7639D2D /* Pods-RIBsTest.debug.xcconfig */;
			buildSettings = {
				ASSETCATALOG_COMPILER_APPICON_NAME = AppIcon;
				ASSETCATALOG_COMPILER_GLOBAL_ACCENT_COLOR_NAME = AccentColor;
				CODE_SIGN_STYLE = Automatic;
				CURRENT_PROJECT_VERSION = 1;
				DEVELOPMENT_TEAM = L3ZPWB4HNK;
				GENERATE_INFOPLIST_FILE = YES;
				INFOPLIST_FILE = RIBsTest/Info.plist;
				INFOPLIST_KEY_UIApplicationSupportsIndirectInputEvents = YES;
				INFOPLIST_KEY_UILaunchStoryboardName = LaunchScreen;
				INFOPLIST_KEY_UIMainStoryboardFile = Main;
				INFOPLIST_KEY_UISupportedInterfaceOrientations_iPad = "UIInterfaceOrientationPortrait UIInterfaceOrientationPortraitUpsideDown UIInterfaceOrientationLandscapeLeft UIInterfaceOrientationLandscapeRight";
				INFOPLIST_KEY_UISupportedInterfaceOrientations_iPhone = "UIInterfaceOrientationPortrait UIInterfaceOrientationLandscapeLeft UIInterfaceOrientationLandscapeRight";
				LD_RUNPATH_SEARCH_PATHS = (
					"$(inherited)",
					"@executable_path/Frameworks",
				);
				MARKETING_VERSION = 1.0;
				PRODUCT_BUNDLE_IDENTIFIER = com.sanghwiback.RIBsTest;
				PRODUCT_NAME = "$(TARGET_NAME)";
				SWIFT_EMIT_LOC_STRINGS = YES;
				SWIFT_VERSION = 5.0;
				TARGETED_DEVICE_FAMILY = "1,2";
			};
			name = Debug;
		};
		1B7C1209290EB89F00A7DB4B /* Release */ = {
			isa = XCBuildConfiguration;
			baseConfigurationReference = 140049774AAF095B5934F530 /* Pods-RIBsTest.release.xcconfig */;
			buildSettings = {
				ASSETCATALOG_COMPILER_APPICON_NAME = AppIcon;
				ASSETCATALOG_COMPILER_GLOBAL_ACCENT_COLOR_NAME = AccentColor;
				CODE_SIGN_STYLE = Automatic;
				CURRENT_PROJECT_VERSION = 1;
				DEVELOPMENT_TEAM = L3ZPWB4HNK;
				GENERATE_INFOPLIST_FILE = YES;
				INFOPLIST_FILE = RIBsTest/Info.plist;
				INFOPLIST_KEY_UIApplicationSupportsIndirectInputEvents = YES;
				INFOPLIST_KEY_UILaunchStoryboardName = LaunchScreen;
				INFOPLIST_KEY_UIMainStoryboardFile = Main;
				INFOPLIST_KEY_UISupportedInterfaceOrientations_iPad = "UIInterfaceOrientationPortrait UIInterfaceOrientationPortraitUpsideDown UIInterfaceOrientationLandscapeLeft UIInterfaceOrientationLandscapeRight";
				INFOPLIST_KEY_UISupportedInterfaceOrientations_iPhone = "UIInterfaceOrientationPortrait UIInterfaceOrientationLandscapeLeft UIInterfaceOrientationLandscapeRight";
				LD_RUNPATH_SEARCH_PATHS = (
					"$(inherited)",
					"@executable_path/Frameworks",
				);
				MARKETING_VERSION = 1.0;
				PRODUCT_BUNDLE_IDENTIFIER = com.sanghwiback.RIBsTest;
				PRODUCT_NAME = "$(TARGET_NAME)";
				SWIFT_EMIT_LOC_STRINGS = YES;
				SWIFT_VERSION = 5.0;
				TARGETED_DEVICE_FAMILY = "1,2";
			};
			name = Release;
		};
/* End XCBuildConfiguration section */

/* Begin XCConfigurationList section */
		1B7C11EE290EB89D00A7DB4B /* Build configuration list for PBXProject "RIBsTest" */ = {
			isa = XCConfigurationList;
			buildConfigurations = (
				1B7C1205290EB89F00A7DB4B /* Debug */,
				1B7C1206290EB89F00A7DB4B /* Release */,
			);
			defaultConfigurationIsVisible = 0;
			defaultConfigurationName = Release;
		};
		1B7C1207290EB89F00A7DB4B /* Build configuration list for PBXNativeTarget "RIBsTest" */ = {
			isa = XCConfigurationList;
			buildConfigurations = (
				1B7C1208290EB89F00A7DB4B /* Debug */,
				1B7C1209290EB89F00A7DB4B /* Release */,
			);
			defaultConfigurationIsVisible = 0;
			defaultConfigurationName = Release;
		};
/* End XCConfigurationList section */
	};
	rootObject = 1B7C11EB290EB89D00A7DB4B /* Project object */;
}
